
Microsoft Visual Studio Solution File, Format Version 12.00
# Visual Studio Version 16
VisualStudioVersion = 25.0.1704.1
MinimumVisualStudioVersion = 10.0.40219.1
Project("{FAE04EC0-301F-11D3-BF4B-00C04F79EFBC}") = "1_Temeller", "Temeller\1_Temeller.csproj", "{DB056C2C-6A73-4D27-84BC-2B0BC2A44F06}"
EndProject
Project("{FAE04EC0-301F-11D3-BF4B-00C04F79EFBC}") = "2_Classes", "Classes\2_Classes.csproj", "{22F0B3DA-327B-48FC-B027-DC30742D2D7A}"
EndProject
Project("{FAE04EC0-301F-11D3-BF4B-00C04F79EFBC}") = "3_Interfaces", "Interfaces\3_Interfaces.csproj", "{5AB3056A-2E40-41CF-B9E4-C45EA1A781E3}"
EndProject
Project("{FAE04EC0-301F-11D3-BF4B-00C04F79EFBC}") = "4_Inheritance", "Inheritance\4_Inheritance.csproj", "{A6A137DD-4715-4D4E-AFAB-B62A3F759209}"
EndProject
Project("{FAE04EC0-301F-11D3-BF4B-00C04F79EFBC}") = "5_Override", "Override\5_Override.csproj", "{02DAE11B-CDD6-4FF5-8512-C25D5F9C915F}"
EndProject
Project("{FAE04EC0-301F-11D3-BF4B-00C04F79EFBC}") = "6_Abstract_Classes", "7_Abstract_Classes\6_Abstract_Classes.csproj", "{0EBB6D9A-B69A-43C6-B503-EB6C7036FF63}"
EndProject
Project("{FAE04EC0-301F-11D3-BF4B-00C04F79EFBC}") = "7_ExampleWhatWeLearned", "7_ExampleWhatWeLearned\7_ExampleWhatWeLearned.csproj", "{5D2027B3-232E-41E1-819E-93C43581FE06}"
EndProject
Project("{FAE04EC0-301F-11D3-BF4B-00C04F79EFBC}") = "8_Access Modifiers", "Access Modifiers\8_Access Modifiers.csproj", "{BE662300-D3F6-40E0-9A4E-CB93777835F7}"
EndProject
Project("{FAE04EC0-301F-11D3-BF4B-00C04F79EFBC}") = "9_Constructors", "Constructors\9_Constructors.csproj", "{2F70FA7D-3028-44D9-82B5-ACA5E40B80D4}"
EndProject
Project("{FAE04EC0-301F-11D3-BF4B-00C04F79EFBC}") = "10_Array-ArrayLists", "Array-ArrayLists\10_Array-ArrayLists.csproj", "{839D027D-9C34-4259-BDEA-D21ECA05EF70}"
EndProject
Project("{FAE04EC0-301F-11D3-BF4B-00C04F79EFBC}") = "11_HandleException-HataYönetimi", "11_HandleException-HataYönetimi\11_HandleException-HataYönetimi.csproj", "{AF17E137-4405-4C89-97A5-4E45EEBACA61}"
EndProject
Project("{FAE04EC0-301F-11D3-BF4B-00C04F79EFBC}") = "12_GenericSınıflar", "12_GenericMethodlar\12_GenericSınıflar.csproj", "{1576E1D1-1A42-476B-8B27-2F9813D3E7AF}"
EndProject
Project("{FAE04EC0-301F-11D3-BF4B-00C04F79EFBC}") = "13_Generic-Methodlar", "13_Generic-Methodlar\13_Generic-Methodlar.csproj", "{E5D9C53B-1503-4514-9823-0AFCD27C5DBC}"
EndProject
Project("{FAE04EC0-301F-11D3-BF4B-00C04F79EFBC}") = "14_ Attributelar", "14_ Attributelar\14_ Attributelar.csproj", "{15C04F8E-CFAD-418A-A23D-95A83456B00A}"
EndProject
Project("{FAE04EC0-301F-11D3-BF4B-00C04F79EFBC}") = "16_EntityFramework", "15_EntityFramework\16_EntityFramework.csproj", "{CBEC52B7-B277-49FC-834A-37C1855B1542}"
EndProject
Project("{FAE04EC0-301F-11D3-BF4B-00C04F79EFBC}") = "15_Reflection", "15_Reflection\15_Reflection.csproj", "{E26B0B36-067B-42EE-A762-787CDBABCCFC}"
EndProject
Project("{FAE04EC0-301F-11D3-BF4B-00C04F79EFBC}") = "17_Delegates", "17_Delegates\17_Delegates.csproj", "{11F5A10E-3A56-4D69-B198-594C321921E1}"
EndProject
Project("{FAE04EC0-301F-11D3-BF4B-00C04F79EFBC}") = "18_Events", "18_Events\18_Events.csproj", "{B4AC683D-60C2-4164-8C76-095E4293347F}"
EndProject
Project("{FAE04EC0-301F-11D3-BF4B-00C04F79EFBC}") = "WebApi", "WebApi\WebApi.csproj", "{54822BE6-58C6-4E56-87FA-F39A6FF5F728}"
EndProject
Global
	GlobalSection(SolutionConfigurationPlatforms) = preSolution
		Debug|Any CPU = Debug|Any CPU
		Release|Any CPU = Release|Any CPU
	EndGlobalSection
	GlobalSection(ProjectConfigurationPlatforms) = postSolution
		{DB056C2C-6A73-4D27-84BC-2B0BC2A44F06}.Debug|Any CPU.ActiveCfg = Debug|Any CPU
		{DB056C2C-6A73-4D27-84BC-2B0BC2A44F06}.Debug|Any CPU.Build.0 = Debug|Any CPU
		{DB056C2C-6A73-4D27-84BC-2B0BC2A44F06}.Release|Any CPU.ActiveCfg = Release|Any CPU
		{DB056C2C-6A73-4D27-84BC-2B0BC2A44F06}.Release|Any CPU.Build.0 = Release|Any CPU
		{22F0B3DA-327B-48FC-B027-DC30742D2D7A}.Debug|Any CPU.ActiveCfg = Debug|Any CPU
		{22F0B3DA-327B-48FC-B027-DC30742D2D7A}.Debug|Any CPU.Build.0 = Debug|Any CPU
		{22F0B3DA-327B-48FC-B027-DC30742D2D7A}.Release|Any CPU.ActiveCfg = Release|Any CPU
		{22F0B3DA-327B-48FC-B027-DC30742D2D7A}.Release|Any CPU.Build.0 = Release|Any CPU
		{5AB3056A-2E40-41CF-B9E4-C45EA1A781E3}.Debug|Any CPU.ActiveCfg = Debug|Any CPU
		{5AB3056A-2E40-41CF-B9E4-C45EA1A781E3}.Debug|Any CPU.Build.0 = Debug|Any CPU
		{5AB3056A-2E40-41CF-B9E4-C45EA1A781E3}.Release|Any CPU.ActiveCfg = Release|Any CPU
		{5AB3056A-2E40-41CF-B9E4-C45EA1A781E3}.Release|Any CPU.Build.0 = Release|Any CPU
		{A6A137DD-4715-4D4E-AFAB-B62A3F759209}.Debug|Any CPU.ActiveCfg = Debug|Any CPU
		{A6A137DD-4715-4D4E-AFAB-B62A3F759209}.Debug|Any CPU.Build.0 = Debug|Any CPU
		{A6A137DD-4715-4D4E-AFAB-B62A3F759209}.Release|Any CPU.ActiveCfg = Release|Any CPU
		{A6A137DD-4715-4D4E-AFAB-B62A3F759209}.Release|Any CPU.Build.0 = Release|Any CPU
		{02DAE11B-CDD6-4FF5-8512-C25D5F9C915F}.Debug|Any CPU.ActiveCfg = Debug|Any CPU
		{02DAE11B-CDD6-4FF5-8512-C25D5F9C915F}.Debug|Any CPU.Build.0 = Debug|Any CPU
		{02DAE11B-CDD6-4FF5-8512-C25D5F9C915F}.Release|Any CPU.ActiveCfg = Release|Any CPU
		{02DAE11B-CDD6-4FF5-8512-C25D5F9C915F}.Release|Any CPU.Build.0 = Release|Any CPU
		{0EBB6D9A-B69A-43C6-B503-EB6C7036FF63}.Debug|Any CPU.ActiveCfg = Debug|Any CPU
		{0EBB6D9A-B69A-43C6-B503-EB6C7036FF63}.Debug|Any CPU.Build.0 = Debug|Any CPU
		{0EBB6D9A-B69A-43C6-B503-EB6C7036FF63}.Release|Any CPU.ActiveCfg = Release|Any CPU
		{0EBB6D9A-B69A-43C6-B503-EB6C7036FF63}.Release|Any CPU.Build.0 = Release|Any CPU
		{5D2027B3-232E-41E1-819E-93C43581FE06}.Debug|Any CPU.ActiveCfg = Debug|Any CPU
		{5D2027B3-232E-41E1-819E-93C43581FE06}.Debug|Any CPU.Build.0 = Debug|Any CPU
		{5D2027B3-232E-41E1-819E-93C43581FE06}.Release|Any CPU.ActiveCfg = Release|Any CPU
		{5D2027B3-232E-41E1-819E-93C43581FE06}.Release|Any CPU.Build.0 = Release|Any CPU
		{BE662300-D3F6-40E0-9A4E-CB93777835F7}.Debug|Any CPU.ActiveCfg = Debug|Any CPU
		{BE662300-D3F6-40E0-9A4E-CB93777835F7}.Debug|Any CPU.Build.0 = Debug|Any CPU
		{BE662300-D3F6-40E0-9A4E-CB93777835F7}.Release|Any CPU.ActiveCfg = Release|Any CPU
		{BE662300-D3F6-40E0-9A4E-CB93777835F7}.Release|Any CPU.Build.0 = Release|Any CPU
		{2F70FA7D-3028-44D9-82B5-ACA5E40B80D4}.Debug|Any CPU.ActiveCfg = Debug|Any CPU
		{2F70FA7D-3028-44D9-82B5-ACA5E40B80D4}.Debug|Any CPU.Build.0 = Debug|Any CPU
		{2F70FA7D-3028-44D9-82B5-ACA5E40B80D4}.Release|Any CPU.ActiveCfg = Release|Any CPU
		{2F70FA7D-3028-44D9-82B5-ACA5E40B80D4}.Release|Any CPU.Build.0 = Release|Any CPU
		{839D027D-9C34-4259-BDEA-D21ECA05EF70}.Debug|Any CPU.ActiveCfg = Debug|Any CPU
		{839D027D-9C34-4259-BDEA-D21ECA05EF70}.Debug|Any CPU.Build.0 = Debug|Any CPU
		{839D027D-9C34-4259-BDEA-D21ECA05EF70}.Release|Any CPU.ActiveCfg = Release|Any CPU
		{839D027D-9C34-4259-BDEA-D21ECA05EF70}.Release|Any CPU.Build.0 = Release|Any CPU
		{AF17E137-4405-4C89-97A5-4E45EEBACA61}.Debug|Any CPU.ActiveCfg = Debug|Any CPU
		{AF17E137-4405-4C89-97A5-4E45EEBACA61}.Debug|Any CPU.Build.0 = Debug|Any CPU
		{AF17E137-4405-4C89-97A5-4E45EEBACA61}.Release|Any CPU.ActiveCfg = Release|Any CPU
		{AF17E137-4405-4C89-97A5-4E45EEBACA61}.Release|Any CPU.Build.0 = Release|Any CPU
		{1576E1D1-1A42-476B-8B27-2F9813D3E7AF}.Debug|Any CPU.ActiveCfg = Debug|Any CPU
		{1576E1D1-1A42-476B-8B27-2F9813D3E7AF}.Debug|Any CPU.Build.0 = Debug|Any CPU
		{1576E1D1-1A42-476B-8B27-2F9813D3E7AF}.Release|Any CPU.ActiveCfg = Release|Any CPU
		{1576E1D1-1A42-476B-8B27-2F9813D3E7AF}.Release|Any CPU.Build.0 = Release|Any CPU
		{E5D9C53B-1503-4514-9823-0AFCD27C5DBC}.Debug|Any CPU.ActiveCfg = Debug|Any CPU
		{E5D9C53B-1503-4514-9823-0AFCD27C5DBC}.Debug|Any CPU.Build.0 = Debug|Any CPU
		{E5D9C53B-1503-4514-9823-0AFCD27C5DBC}.Release|Any CPU.ActiveCfg = Release|Any CPU
		{E5D9C53B-1503-4514-9823-0AFCD27C5DBC}.Release|Any CPU.Build.0 = Release|Any CPU
		{15C04F8E-CFAD-418A-A23D-95A83456B00A}.Debug|Any CPU.ActiveCfg = Debug|Any CPU
		{15C04F8E-CFAD-418A-A23D-95A83456B00A}.Debug|Any CPU.Build.0 = Debug|Any CPU
		{15C04F8E-CFAD-418A-A23D-95A83456B00A}.Release|Any CPU.ActiveCfg = Release|Any CPU
		{15C04F8E-CFAD-418A-A23D-95A83456B00A}.Release|Any CPU.Build.0 = Release|Any CPU
		{CBEC52B7-B277-49FC-834A-37C1855B1542}.Debug|Any CPU.ActiveCfg = Debug|Any CPU
		{CBEC52B7-B277-49FC-834A-37C1855B1542}.Debug|Any CPU.Build.0 = Debug|Any CPU
		{CBEC52B7-B277-49FC-834A-37C1855B1542}.Release|Any CPU.ActiveCfg = Release|Any CPU
		{CBEC52B7-B277-49FC-834A-37C1855B1542}.Release|Any CPU.Build.0 = Release|Any CPU
		{E26B0B36-067B-42EE-A762-787CDBABCCFC}.Debug|Any CPU.ActiveCfg = Debug|Any CPU
		{E26B0B36-067B-42EE-A762-787CDBABCCFC}.Debug|Any CPU.Build.0 = Debug|Any CPU
		{E26B0B36-067B-42EE-A762-787CDBABCCFC}.Release|Any CPU.ActiveCfg = Release|Any CPU
		{E26B0B36-067B-42EE-A762-787CDBABCCFC}.Release|Any CPU.Build.0 = Release|Any CPU
		{11F5A10E-3A56-4D69-B198-594C321921E1}.Debug|Any CPU.ActiveCfg = Debug|Any CPU
		{11F5A10E-3A56-4D69-B198-594C321921E1}.Debug|Any CPU.Build.0 = Debug|Any CPU
		{11F5A10E-3A56-4D69-B198-594C321921E1}.Release|Any CPU.ActiveCfg = Release|Any CPU
		{11F5A10E-3A56-4D69-B198-594C321921E1}.Release|Any CPU.Build.0 = Release|Any CPU
		{B4AC683D-60C2-4164-8C76-095E4293347F}.Debug|Any CPU.ActiveCfg = Debug|Any CPU
		{B4AC683D-60C2-4164-8C76-095E4293347F}.Debug|Any CPU.Build.0 = Debug|Any CPU
		{B4AC683D-60C2-4164-8C76-095E4293347F}.Release|Any CPU.ActiveCfg = Release|Any CPU
		{B4AC683D-60C2-4164-8C76-095E4293347F}.Release|Any CPU.Build.0 = Release|Any CPU
		{54822BE6-58C6-4E56-87FA-F39A6FF5F728}.Debug|Any CPU.ActiveCfg = Debug|Any CPU
		{54822BE6-58C6-4E56-87FA-F39A6FF5F728}.Debug|Any CPU.Build.0 = Debug|Any CPU
		{54822BE6-58C6-4E56-87FA-F39A6FF5F728}.Release|Any CPU.ActiveCfg = Release|Any CPU
		{54822BE6-58C6-4E56-87FA-F39A6FF5F728}.Release|Any CPU.Build.0 = Release|Any CPU
	EndGlobalSection
	GlobalSection(SolutionProperties) = preSolution
		HideSolutionNode = FALSE
	EndGlobalSection
	GlobalSection(ExtensibilityGlobals) = postSolution
		SolutionGuid = {B38C55B2-205D-4912-8083-C06C847BAA0A}
	EndGlobalSection
EndGlobal
